
Microsoft Visual Studio Solution File, Format Version 12.00
# Visual Studio Version 17
VisualStudioVersion = 17.7.34003.232
MinimumVisualStudioVersion = 10.0.40219.1
Project("{8BC9CEB8-8B4A-11D0-8D11-00A0C91BC942}") = "SDL2GeometricPrimitives", "SDL2GeometricPrimitives\SDL2GeometricPrimitives.vcxproj", "{046C1276-AEC6-4BF8-A533-B29DDC7C1376}"
EndProject
Global
	GlobalSection(SolutionConfigurationPlatforms) = preSolution
		Debug|x64 = Debug|x64
		Debug|x86 = Debug|x86
		Release|x64 = Release|x64
		Release|x86 = Release|x86
	EndGlobalSection
	GlobalSection(ProjectConfigurationPlatforms) = postSolution
		{046C1276-AEC6-4BF8-A533-B29DDC7C1376}.Debug|x64.ActiveCfg = Debug|x64
		{046C1276-AEC6-4BF8-A533-B29DDC7C1376}.Debug|x64.Build.0 = Debug|x64
		{046C1276-AEC6-4BF8-A533-B29DDC7C1376}.Debug|x86.ActiveCfg = Debug|Win32
		{046C1276-AEC6-4BF8-A533-B29DDC7C1376}.Debug|x86.Build.0 = Debug|Win32
		{046C1276-AEC6-4BF8-A533-B29DDC7C1376}.Release|x64.ActiveCfg = Release|x64
		{046C1276-AEC6-4BF8-A533-B29DDC7C1376}.Release|x64.Build.0 = Release|x64
		{046C1276-AEC6-4BF8-A533-B29DDC7C1376}.Release|x86.ActiveCfg = Release|Win32
		{046C1276-AEC6-4BF8-A533-B29DDC7C1376}.Release|x86.Build.0 = Release|Win32
	EndGlobalSection
	GlobalSection(SolutionProperties) = preSolution
		HideSolutionNode = FALSE
	EndGlobalSection
	GlobalSection(ExtensibilityGlobals) = postSolution
		SolutionGuid = {A28C0D36-E490-48F3-B564-48CF55AAF779}
	EndGlobalSection
EndGlobal
